
Microsoft Visual Studio Solution File, Format Version 12.00
# Visual Studio Version 16
VisualStudioVersion = 16.0.30406.217
MinimumVisualStudioVersion = 10.0.40219.1
Project("{9A19103F-16F7-4668-BE54-9A1E7A4F7556}") = "CursoOnline.Dominio.Test", "test\CursoOnline.Dominio.Test\CursoOnline.Dominio.Test.csproj", "{8C0EB7BA-9176-4CE9-9206-E18BE1459E41}"
EndProject
Project("{9A19103F-16F7-4668-BE54-9A1E7A4F7556}") = "CursoOnline.Dominio", "src\CursoOnline.Dominio\CursoOnline.Dominio.csproj", "{30BE16A4-B492-4825-98CD-511AA1F403C4}"
EndProject
Project("{FAE04EC0-301F-11D3-BF4B-00C04F79EFBC}") = "CursoOnline.Web", "CursoOnline.Web\CursoOnline.Web.csproj", "{12657CD1-3781-47C1-A0B0-A3C24160E392}"
EndProject
Project("{FAE04EC0-301F-11D3-BF4B-00C04F79EFBC}") = "CursoOnline.Dados", "CursoOnline.Dados\CursoOnline.Dados.csproj", "{5049C6CA-F742-4FF2-89B8-2FE7202DFCB8}"
EndProject
Project("{FAE04EC0-301F-11D3-BF4B-00C04F79EFBC}") = "CursoOnline.IoC", "CursoOnline.IoC\CursoOnline.IoC.csproj", "{198EB127-7B53-40D2-863A-24C0FAD6E001}"
EndProject
Global
	GlobalSection(SolutionConfigurationPlatforms) = preSolution
		Debug|Any CPU = Debug|Any CPU
		Release|Any CPU = Release|Any CPU
	EndGlobalSection
	GlobalSection(ProjectConfigurationPlatforms) = postSolution
		{8C0EB7BA-9176-4CE9-9206-E18BE1459E41}.Debug|Any CPU.ActiveCfg = Debug|Any CPU
		{8C0EB7BA-9176-4CE9-9206-E18BE1459E41}.Debug|Any CPU.Build.0 = Debug|Any CPU
		{8C0EB7BA-9176-4CE9-9206-E18BE1459E41}.Release|Any CPU.ActiveCfg = Release|Any CPU
		{8C0EB7BA-9176-4CE9-9206-E18BE1459E41}.Release|Any CPU.Build.0 = Release|Any CPU
		{30BE16A4-B492-4825-98CD-511AA1F403C4}.Debug|Any CPU.ActiveCfg = Debug|Any CPU
		{30BE16A4-B492-4825-98CD-511AA1F403C4}.Debug|Any CPU.Build.0 = Debug|Any CPU
		{30BE16A4-B492-4825-98CD-511AA1F403C4}.Release|Any CPU.ActiveCfg = Release|Any CPU
		{30BE16A4-B492-4825-98CD-511AA1F403C4}.Release|Any CPU.Build.0 = Release|Any CPU
		{12657CD1-3781-47C1-A0B0-A3C24160E392}.Debug|Any CPU.ActiveCfg = Debug|Any CPU
		{12657CD1-3781-47C1-A0B0-A3C24160E392}.Debug|Any CPU.Build.0 = Debug|Any CPU
		{12657CD1-3781-47C1-A0B0-A3C24160E392}.Release|Any CPU.ActiveCfg = Release|Any CPU
		{12657CD1-3781-47C1-A0B0-A3C24160E392}.Release|Any CPU.Build.0 = Release|Any CPU
		{5049C6CA-F742-4FF2-89B8-2FE7202DFCB8}.Debug|Any CPU.ActiveCfg = Debug|Any CPU
		{5049C6CA-F742-4FF2-89B8-2FE7202DFCB8}.Debug|Any CPU.Build.0 = Debug|Any CPU
		{5049C6CA-F742-4FF2-89B8-2FE7202DFCB8}.Release|Any CPU.ActiveCfg = Release|Any CPU
		{5049C6CA-F742-4FF2-89B8-2FE7202DFCB8}.Release|Any CPU.Build.0 = Release|Any CPU
		{198EB127-7B53-40D2-863A-24C0FAD6E001}.Debug|Any CPU.ActiveCfg = Debug|Any CPU
		{198EB127-7B53-40D2-863A-24C0FAD6E001}.Debug|Any CPU.Build.0 = Debug|Any CPU
		{198EB127-7B53-40D2-863A-24C0FAD6E001}.Release|Any CPU.ActiveCfg = Release|Any CPU
		{198EB127-7B53-40D2-863A-24C0FAD6E001}.Release|Any CPU.Build.0 = Release|Any CPU
	EndGlobalSection
	GlobalSection(SolutionProperties) = preSolution
		HideSolutionNode = FALSE
	EndGlobalSection
	GlobalSection(ExtensibilityGlobals) = postSolution
		SolutionGuid = {2225B8E1-9A72-4956-8759-5F6D784E0956}
	EndGlobalSection
EndGlobal
